
Microsoft Visual Studio Solution File, Format Version 12.00
# Visual Studio Version 16
VisualStudioVersion = 16.0.31911.196
MinimumVisualStudioVersion = 10.0.40219.1
Project("{FAE04EC0-301F-11D3-BF4B-00C04F79EFBC}") = "Visual_Lab_4", "Visual_Lab_4\Visual_Lab_4.csproj", "{5DDFB053-A270-472B-B761-CE00526D16F4}"
EndProject
Global
	GlobalSection(SolutionConfigurationPlatforms) = preSolution
		Debug|Any CPU = Debug|Any CPU
		Release|Any CPU = Release|Any CPU
	EndGlobalSection
	GlobalSection(ProjectConfigurationPlatforms) = postSolution
		{5DDFB053-A270-472B-B761-CE00526D16F4}.Debug|Any CPU.ActiveCfg = Debug|Any CPU
		{5DDFB053-A270-472B-B761-CE00526D16F4}.Debug|Any CPU.Build.0 = Debug|Any CPU
		{5DDFB053-A270-472B-B761-CE00526D16F4}.Release|Any CPU.ActiveCfg = Release|Any CPU
		{5DDFB053-A270-472B-B761-CE00526D16F4}.Release|Any CPU.Build.0 = Release|Any CPU
	EndGlobalSection
	GlobalSection(SolutionProperties) = preSolution
		HideSolutionNode = FALSE
	EndGlobalSection
	GlobalSection(ExtensibilityGlobals) = postSolution
		SolutionGuid = {6558ABF8-81D3-45B0-B3BB-29C09F7771B8}
	EndGlobalSection
EndGlobal
